
Microsoft Visual Studio Solution File, Format Version 12.00
# Visual Studio Version 17
VisualStudioVersion = 17.3.32901.215
MinimumVisualStudioVersion = 10.0.40219.1
Project("{9A19103F-16F7-4668-BE54-9A1E7A4F7556}") = "SystemMonitor.DataSource", "SystemMonitor.Agent\SystemMonitor.DataSource\SystemMonitor.DataSource.csproj", "{4FE0C801-740C-483C-8EFA-D24C3DB42ADB}"
EndProject
Project("{9A19103F-16F7-4668-BE54-9A1E7A4F7556}") = "SystemMonitor.Agent", "SystemMonitor.Agent\SystemMonitor.Agent\SystemMonitor.Agent.csproj", "{78012A3B-BC74-4365-BC47-AE5FE64EE262}"
EndProject
Project("{9A19103F-16F7-4668-BE54-9A1E7A4F7556}") = "SystemMonitor.WebAPI", "SystemMonitor.WebAPI\SystemMonitor.WebAPI\SystemMonitor.WebAPI.csproj", "{CF8B829A-2A89-45F0-BB61-8A5C2D3C6042}"
	ProjectSection(ProjectDependencies) = postProject
		{726A580B-B7CC-4981-BB6A-3195FF1CE8A8} = {726A580B-B7CC-4981-BB6A-3195FF1CE8A8}
	EndProjectSection
EndProject
Project("{9A19103F-16F7-4668-BE54-9A1E7A4F7556}") = "SystemMonitor.Core", "SystemMonitor.WebAPI\SystemMonitor.Core\SystemMonitor.Core.csproj", "{D1D7BEEA-EABE-409E-9520-F9C5C3DE5DC9}"
EndProject
Project("{9A19103F-16F7-4668-BE54-9A1E7A4F7556}") = "SystemMonitor.Infrastructure", "SystemMonitor.WebAPI\SystemMonitor.Infrastructure\SystemMonitor.Infrastructure.csproj", "{726A580B-B7CC-4981-BB6A-3195FF1CE8A8}"
EndProject
Project("{9A19103F-16F7-4668-BE54-9A1E7A4F7556}") = "SystemMonitor.SharedObjects", "SystemMonitor.SharedObjects\SystemMonitor.SharedObjects.csproj", "{A7D82459-B410-4F50-8838-178F9A91E4E8}"
EndProject
Project("{2150E333-8FDC-42A3-9474-1A3956D46DE8}") = "SystemMonitor.Agent", "SystemMonitor.Agent", "{0379D5DC-943E-457B-B6A8-64797F2BCDC3}"
EndProject
Project("{2150E333-8FDC-42A3-9474-1A3956D46DE8}") = "SystemMonitor.API", "SystemMonitor.API", "{113702B5-B6D3-4C86-95F5-9F97F3353310}"
EndProject
Global
	GlobalSection(SolutionConfigurationPlatforms) = preSolution
		Debug|Any CPU = Debug|Any CPU
		Release|Any CPU = Release|Any CPU
	EndGlobalSection
	GlobalSection(ProjectConfigurationPlatforms) = postSolution
		{4FE0C801-740C-483C-8EFA-D24C3DB42ADB}.Debug|Any CPU.ActiveCfg = Debug|Any CPU
		{4FE0C801-740C-483C-8EFA-D24C3DB42ADB}.Debug|Any CPU.Build.0 = Debug|Any CPU
		{4FE0C801-740C-483C-8EFA-D24C3DB42ADB}.Release|Any CPU.ActiveCfg = Release|Any CPU
		{4FE0C801-740C-483C-8EFA-D24C3DB42ADB}.Release|Any CPU.Build.0 = Release|Any CPU
		{78012A3B-BC74-4365-BC47-AE5FE64EE262}.Debug|Any CPU.ActiveCfg = Debug|Any CPU
		{78012A3B-BC74-4365-BC47-AE5FE64EE262}.Debug|Any CPU.Build.0 = Debug|Any CPU
		{78012A3B-BC74-4365-BC47-AE5FE64EE262}.Release|Any CPU.ActiveCfg = Release|Any CPU
		{78012A3B-BC74-4365-BC47-AE5FE64EE262}.Release|Any CPU.Build.0 = Release|Any CPU
		{CF8B829A-2A89-45F0-BB61-8A5C2D3C6042}.Debug|Any CPU.ActiveCfg = Debug|Any CPU
		{CF8B829A-2A89-45F0-BB61-8A5C2D3C6042}.Debug|Any CPU.Build.0 = Debug|Any CPU
		{CF8B829A-2A89-45F0-BB61-8A5C2D3C6042}.Release|Any CPU.ActiveCfg = Release|Any CPU
		{CF8B829A-2A89-45F0-BB61-8A5C2D3C6042}.Release|Any CPU.Build.0 = Release|Any CPU
		{D1D7BEEA-EABE-409E-9520-F9C5C3DE5DC9}.Debug|Any CPU.ActiveCfg = Debug|Any CPU
		{D1D7BEEA-EABE-409E-9520-F9C5C3DE5DC9}.Debug|Any CPU.Build.0 = Debug|Any CPU
		{D1D7BEEA-EABE-409E-9520-F9C5C3DE5DC9}.Release|Any CPU.ActiveCfg = Release|Any CPU
		{D1D7BEEA-EABE-409E-9520-F9C5C3DE5DC9}.Release|Any CPU.Build.0 = Release|Any CPU
		{726A580B-B7CC-4981-BB6A-3195FF1CE8A8}.Debug|Any CPU.ActiveCfg = Debug|Any CPU
		{726A580B-B7CC-4981-BB6A-3195FF1CE8A8}.Debug|Any CPU.Build.0 = Debug|Any CPU
		{726A580B-B7CC-4981-BB6A-3195FF1CE8A8}.Release|Any CPU.ActiveCfg = Release|Any CPU
		{726A580B-B7CC-4981-BB6A-3195FF1CE8A8}.Release|Any CPU.Build.0 = Release|Any CPU
		{A7D82459-B410-4F50-8838-178F9A91E4E8}.Debug|Any CPU.ActiveCfg = Debug|Any CPU
		{A7D82459-B410-4F50-8838-178F9A91E4E8}.Debug|Any CPU.Build.0 = Debug|Any CPU
		{A7D82459-B410-4F50-8838-178F9A91E4E8}.Release|Any CPU.ActiveCfg = Release|Any CPU
		{A7D82459-B410-4F50-8838-178F9A91E4E8}.Release|Any CPU.Build.0 = Release|Any CPU
	EndGlobalSection
	GlobalSection(SolutionProperties) = preSolution
		HideSolutionNode = FALSE
	EndGlobalSection
	GlobalSection(NestedProjects) = preSolution
		{4FE0C801-740C-483C-8EFA-D24C3DB42ADB} = {0379D5DC-943E-457B-B6A8-64797F2BCDC3}
		{78012A3B-BC74-4365-BC47-AE5FE64EE262} = {0379D5DC-943E-457B-B6A8-64797F2BCDC3}
		{CF8B829A-2A89-45F0-BB61-8A5C2D3C6042} = {113702B5-B6D3-4C86-95F5-9F97F3353310}
		{D1D7BEEA-EABE-409E-9520-F9C5C3DE5DC9} = {113702B5-B6D3-4C86-95F5-9F97F3353310}
		{726A580B-B7CC-4981-BB6A-3195FF1CE8A8} = {113702B5-B6D3-4C86-95F5-9F97F3353310}
	EndGlobalSection
	GlobalSection(ExtensibilityGlobals) = postSolution
		SolutionGuid = {83D01F71-CB4D-4507-9B0C-4444193EAB83}
	EndGlobalSection
EndGlobal
